// !$*UTF8*$!
{
	archiveVersion = 1;
	classes = {
	};
	objectVersion = 46;
	objects = {

/* Begin PBXBuildFile section */
		49601C8D227FEF3A0048F4EA /* main.cpp in Sources */ = {isa = PBXBuildFile; fileRef = 49601C8C227FEF3A0048F4EA /* main.cpp */; };
		49BE53E0228D097C00A2D9F4 /* Tensor.cpp in Sources */ = {isa = PBXBuildFile; fileRef = 49BE53DE228D097C00A2D9F4 /* Tensor.cpp */; };
/* End PBXBuildFile section */

/* Begin PBXCopyFilesBuildPhase section */
		49601C87227FEF3A0048F4EA /* CopyFiles */ = {
			isa = PBXCopyFilesBuildPhase;
			buildActionMask = 2147483647;
			dstPath = /usr/share/man/man1/;
			dstSubfolderSpec = 0;
			files = (
			);
			runOnlyForDeploymentPostprocessing = 1;
		};
/* End PBXCopyFilesBuildPhase section */

/* Begin PBXFileReference section */
		49601C89227FEF3A0048F4EA /* fullmetal */ = {isa = PBXFileReference; explicitFileType = "compiled.mach-o.executable"; includeInIndex = 0; path = fullmetal; sourceTree = BUILT_PRODUCTS_DIR; };
		49601C8C227FEF3A0048F4EA /* main.cpp */ = {isa = PBXFileReference; lastKnownFileType = sourcecode.cpp.cpp; path = main.cpp; sourceTree = "<group>"; };
		49BE53DE228D097C00A2D9F4 /* Tensor.cpp */ = {isa = PBXFileReference; fileEncoding = 4; lastKnownFileType = sourcecode.cpp.cpp; path = Tensor.cpp; sourceTree = "<group>"; };
		49BE53DF228D097C00A2D9F4 /* Tensor.hpp */ = {isa = PBXFileReference; fileEncoding = 4; lastKnownFileType = sourcecode.cpp.h; path = Tensor.hpp; sourceTree = "<group>"; };
/* End PBXFileReference section */

/* Begin PBXFrameworksBuildPhase section */
		49601C86227FEF3A0048F4EA /* Frameworks */ = {
			isa = PBXFrameworksBuildPhase;
			buildActionMask = 2147483647;
			files = (
			);
			runOnlyForDeploymentPostprocessing = 0;
		};
/* End PBXFrameworksBuildPhase section */

/* Begin PBXGroup section */
		49601C80227FEF3A0048F4EA = {
			isa = PBXGroup;
			children = (
				49601C8B227FEF3A0048F4EA /* fullmetal */,
				49601C8A227FEF3A0048F4EA /* Products */,
			);
			sourceTree = "<group>";
		};
		49601C8A227FEF3A0048F4EA /* Products */ = {
			isa = PBXGroup;
			children = (
				49601C89227FEF3A0048F4EA /* fullmetal */,
			);
			name = Products;
			sourceTree = "<group>";
		};
		49601C8B227FEF3A0048F4EA /* fullmetal */ = {
			isa = PBXGroup;
			children = (
				49601C8C227FEF3A0048F4EA /* main.cpp */,
				49BE53DE228D097C00A2D9F4 /* Tensor.cpp */,
				49BE53DF228D097C00A2D9F4 /* Tensor.hpp */,
			);
			path = fullmetal;
			sourceTree = "<group>";
		};
/* End PBXGroup section */

/* Begin PBXNativeTarget section */
		49601C88227FEF3A0048F4EA /* fullmetal */ = {
			isa = PBXNativeTarget;
			buildConfigurationList = 49601C90227FEF3A0048F4EA /* Build configuration list for PBXNativeTarget "fullmetal" */;
			buildPhases = (
				49601C85227FEF3A0048F4EA /* Sources */,
				49601C86227FEF3A0048F4EA /* Frameworks */,
				49601C87227FEF3A0048F4EA /* CopyFiles */,
			);
			buildRules = (
			);
			dependencies = (
			);
			name = fullmetal;
			productName = fullmetal;
			productReference = 49601C89227FEF3A0048F4EA /* fullmetal */;
			productType = "com.apple.product-type.tool";
		};
/* End PBXNativeTarget section */

/* Begin PBXProject section */
		49601C81227FEF3A0048F4EA /* Project object */ = {
			isa = PBXProject;
			attributes = {
				LastUpgradeCheck = 0820;
				ORGANIZATIONNAME = "miguel myers";
				TargetAttributes = {
					49601C88227FEF3A0048F4EA = {
						CreatedOnToolsVersion = 8.2.1;
						DevelopmentTeam = CYZA5695HY;
						ProvisioningStyle = Automatic;
					};
				};
			};
			buildConfigurationList = 49601C84227FEF3A0048F4EA /* Build configuration list for PBXProject "fullmetal" */;
			compatibilityVersion = "Xcode 3.2";
			developmentRegion = English;
			hasScannedForEncodings = 0;
			knownRegions = (
				English,
				en,
			);
			mainGroup = 49601C80227FEF3A0048F4EA;
			productRefGroup = 49601C8A227FEF3A0048F4EA /* Products */;
			projectDirPath = "";
			projectRoot = "";
			targets = (
				49601C88227FEF3A0048F4EA /* fullmetal */,
			);
		};
/* End PBXProject section */

/* Begin PBXSourcesBuildPhase section */
		49601C85227FEF3A0048F4EA /* Sources */ = {
			isa = PBXSourcesBuildPhase;
			buildActionMask = 2147483647;
			files = (
				49BE53E0228D097C00A2D9F4 /* Tensor.cpp in Sources */,
				49601C8D227FEF3A0048F4EA /* main.cpp in Sources */,
			);
			runOnlyForDeploymentPostprocessing = 0;
		};
/* End PBXSourcesBuildPhase section */

/* Begin XCBuildConfiguration section */
		49601C8E227FEF3A0048F4EA /* Debug */ = {
			isa = XCBuildConfiguration;
			buildSettings = {
				ALWAYS_SEARCH_USER_PATHS = NO;
				CLANG_ANALYZER_NONNULL = YES;
				CLANG_CXX_LANGUAGE_STANDARD = "gnu++0x";
				CLANG_CXX_LIBRARY = "libc++";
				CLANG_ENABLE_MODULES = YES;
				CLANG_ENABLE_OBJC_ARC = YES;
				CLANG_WARN_BOOL_CONVERSION = YES;
				CLANG_WARN_CONSTANT_CONVERSION = YES;
				CLANG_WARN_DIRECT_OBJC_ISA_USAGE = YES_ERROR;
				CLANG_WARN_DOCUMENTATION_COMMENTS = YES;
				CLANG_WARN_EMPTY_BODY = YES;
				CLANG_WARN_ENUM_CONVERSION = YES;
				CLANG_WARN_INFINITE_RECURSION = YES;
				CLANG_WARN_INT_CONVERSION = YES;
				CLANG_WARN_OBJC_ROOT_CLASS = YES_ERROR;
				CLANG_WARN_SUSPICIOUS_MOVE = YES;
				CLANG_WARN_UNREACHABLE_CODE = YES;
				CLANG_WARN__DUPLICATE_METHOD_MATCH = YES;
				CODE_SIGN_IDENTITY = "-";
				COPY_PHASE_STRIP = NO;
				DEBUG_INFORMATION_FORMAT = dwarf;
				ENABLE_STRICT_OBJC_MSGSEND = YES;
				ENABLE_TESTABILITY = YES;
				GCC_C_LANGUAGE_STANDARD = gnu99;
				GCC_DYNAMIC_NO_PIC = NO;
				GCC_NO_COMMON_BLOCKS = YES;
				GCC_OPTIMIZATION_LEVEL = 0;
				GCC_PREPROCESSOR_DEFINITIONS = (
					"DEBUG=1",
					"$(inherited)",
				);
				GCC_WARN_64_TO_32_BIT_CONVERSION = YES;
				GCC_WARN_ABOUT_RETURN_TYPE = YES_ERROR;
				GCC_WARN_UNDECLARED_SELECTOR = YES;
				GCC_WARN_UNINITIALIZED_AUTOS = YES_AGGRESSIVE;
				GCC_WARN_UNUSED_FUNCTION = YES;
				GCC_WARN_UNUSED_VARIABLE = YES;
				MACOSX_DEPLOYMENT_TARGET = 10.12;
				MTL_ENABLE_DEBUG_INFO = YES;
				ONLY_ACTIVE_ARCH = YES;
				SDKROOT = macosx;
			};
			name = Debug;
		};
		49601C8F227FEF3A0048F4EA /* Release */ = {
			isa = XCBuildConfiguration;
			buildSettings = {
				ALWAYS_SEARCH_USER_PATHS = NO;
				CLANG_ANALYZER_NONNULL = YES;
				CLANG_CXX_LANGUAGE_STANDARD = "gnu++0x";
				CLANG_CXX_LIBRARY = "libc++";
				CLANG_ENABLE_MODULES = YES;
				CLANG_ENABLE_OBJC_ARC = YES;
				CLANG_WARN_BOOL_CONVERSION = YES;
				CLANG_WARN_CONSTANT_CONVERSION = YES;
				CLANG_WARN_DIRECT_OBJC_ISA_USAGE = YES_ERROR;
				CLANG_WARN_DOCUMENTATION_COMMENTS = YES;
				CLANG_WARN_EMPTY_BODY = YES;
				CLANG_WARN_ENUM_CONVERSION = YES;
				CLANG_WARN_INFINITE_RECURSION = YES;
				CLANG_WARN_INT_CONVERSION = YES;
				CLANG_WARN_OBJC_ROOT_CLASS = YES_ERROR;
				CLANG_WARN_SUSPICIOUS_MOVE = YES;
				CLANG_WARN_UNREACHABLE_CODE = YES;
				CLANG_WARN__DUPLICATE_METHOD_MATCH = YES;
				CODE_SIGN_IDENTITY = "-";
				COPY_PHASE_STRIP = NO;
				DEBUG_INFORMATION_FORMAT = "dwarf-with-dsym";
				ENABLE_NS_ASSERTIONS = NO;
				ENABLE_STRICT_OBJC_MSGSEND = YES;
				GCC_C_LANGUAGE_STANDARD = gnu99;
				GCC_NO_COMMON_BLOCKS = YES;
				GCC_WARN_64_TO_32_BIT_CONVERSION = YES;
				GCC_WARN_ABOUT_RETURN_TYPE = YES_ERROR;
				GCC_WARN_UNDECLARED_SELECTOR = YES;
				GCC_WARN_UNINITIALIZED_AUTOS = YES_AGGRESSIVE;
				GCC_WARN_UNUSED_FUNCTION = YES;
				GCC_WARN_UNUSED_VARIABLE = YES;
				MACOSX_DEPLOYMENT_TARGET = 10.12;
				MTL_ENABLE_DEBUG_INFO = NO;
				SDKROOT = macosx;
			};
			name = Release;
		};
		49601C91227FEF3A0048F4EA /* Debug */ = {
			isa = XCBuildConfiguration;
			buildSettings = {
				CLANG_CXX_LANGUAGE_STANDARD = "gnu++17";
				DEVELOPMENT_TEAM = CYZA5695HY;
				HEADER_SEARCH_PATHS = (
					/Users/miguel/anaconda/envs/py36/include/,
					/usr/local/Cellar/boost/1.69.0_2/include/,
				);
				OTHER_LDFLAGS = (
					"-lblas",
					"-llapack",
					"-DHAVE_CBLAS=1",
				);
				PRODUCT_NAME = "$(TARGET_NAME)";
			};
			name = Debug;
		};
		49601C92227FEF3A0048F4EA /* Release */ = {
			isa = XCBuildConfiguration;
			buildSettings = {
				CLANG_CXX_LANGUAGE_STANDARD = "gnu++17";
				DEVELOPMENT_TEAM = CYZA5695HY;
				HEADER_SEARCH_PATHS = (
					/Users/miguel/anaconda/envs/py36/include/,
					/usr/local/Cellar/boost/1.69.0_2/include/,
				);
				OTHER_LDFLAGS = (
					"-lblas",
					"-llapack",
					"-DHAVE_CBLAS=1",
				);
				PRODUCT_NAME = "$(TARGET_NAME)";
			};
			name = Release;
		};
/* End XCBuildConfiguration section */

/* Begin XCConfigurationList section */
		49601C84227FEF3A0048F4EA /* Build configuration list for PBXProject "fullmetal" */ = {
			isa = XCConfigurationList;
			buildConfigurations = (
				49601C8E227FEF3A0048F4EA /* Debug */,
				49601C8F227FEF3A0048F4EA /* Release */,
			);
			defaultConfigurationIsVisible = 0;
			defaultConfigurationName = Release;
		};
		49601C90227FEF3A0048F4EA /* Build configuration list for PBXNativeTarget "fullmetal" */ = {
			isa = XCConfigurationList;
			buildConfigurations = (
				49601C91227FEF3A0048F4EA /* Debug */,
				49601C92227FEF3A0048F4EA /* Release */,
			);
			defaultConfigurationIsVisible = 0;
			defaultConfigurationName = Release;
		};
/* End XCConfigurationList section */
	};
	rootObject = 49601C81227FEF3A0048F4EA /* Project object */;
}
